
Microsoft Visual Studio Solution File, Format Version 12.00
# Visual Studio Version 17
VisualStudioVersion = 17.7.34031.279
MinimumVisualStudioVersion = 10.0.40219.1
Project("{8BC9CEB8-8B4A-11D0-8D11-00A0C91BC942}") = "Sokoban", "Sokoban\Sokoban.vcxproj", "{ABFE64C2-1902-46D3-845A-26BC303D43CD}"
EndProject
Global
	GlobalSection(SolutionConfigurationPlatforms) = preSolution
		Debug|x64 = Debug|x64
		Debug|x86 = Debug|x86
		Release|x64 = Release|x64
		Release|x86 = Release|x86
	EndGlobalSection
	GlobalSection(ProjectConfigurationPlatforms) = postSolution
		{ABFE64C2-1902-46D3-845A-26BC303D43CD}.Debug|x64.ActiveCfg = Debug|x64
		{ABFE64C2-1902-46D3-845A-26BC303D43CD}.Debug|x64.Build.0 = Debug|x64
		{ABFE64C2-1902-46D3-845A-26BC303D43CD}.Debug|x86.ActiveCfg = Debug|Win32
		{ABFE64C2-1902-46D3-845A-26BC303D43CD}.Debug|x86.Build.0 = Debug|Win32
		{ABFE64C2-1902-46D3-845A-26BC303D43CD}.Release|x64.ActiveCfg = Release|x64
		{ABFE64C2-1902-46D3-845A-26BC303D43CD}.Release|x64.Build.0 = Release|x64
		{ABFE64C2-1902-46D3-845A-26BC303D43CD}.Release|x86.ActiveCfg = Release|Win32
		{ABFE64C2-1902-46D3-845A-26BC303D43CD}.Release|x86.Build.0 = Release|Win32
	EndGlobalSection
	GlobalSection(SolutionProperties) = preSolution
		HideSolutionNode = FALSE
	EndGlobalSection
	GlobalSection(ExtensibilityGlobals) = postSolution
		SolutionGuid = {5E9669AC-8232-48D0-AF32-DAE7C6634380}
	EndGlobalSection
EndGlobal
